// !$*UTF8*$!
{
	archiveVersion = 1;
	classes = {
	};
	objectVersion = 56;
	objects = {

/* Begin PBXBuildFile section */
		430EA3802CF9B92900A1673B /* ColorExtention.swift in Sources */ = {isa = PBXBuildFile; fileRef = 430EA37F2CF9B92900A1673B /* ColorExtention.swift */; };
		430EA3822CF9BDC500A1673B /* TaskView.swift in Sources */ = {isa = PBXBuildFile; fileRef = 430EA3812CF9BDC500A1673B /* TaskView.swift */; };
		4346FD852D0715C000D2CAAA /* ButtonForChangingColor.swift in Sources */ = {isa = PBXBuildFile; fileRef = 4346FD842D0715C000D2CAAA /* ButtonForChangingColor.swift */; };
		43B665672CE8A02F009AD3FF /* ToDoListCoreDataSwiftUIApp.swift in Sources */ = {isa = PBXBuildFile; fileRef = 43B665662CE8A02F009AD3FF /* ToDoListCoreDataSwiftUIApp.swift */; };
		43B665692CE8A02F009AD3FF /* ContentView.swift in Sources */ = {isa = PBXBuildFile; fileRef = 43B665682CE8A02F009AD3FF /* ContentView.swift */; };
		43B6656B2CE8A032009AD3FF /* Assets.xcassets in Resources */ = {isa = PBXBuildFile; fileRef = 43B6656A2CE8A032009AD3FF /* Assets.xcassets */; };
		43B6656E2CE8A032009AD3FF /* Preview Assets.xcassets in Resources */ = {isa = PBXBuildFile; fileRef = 43B6656D2CE8A032009AD3FF /* Preview Assets.xcassets */; };
		43EF40B02CF749180032D13C /* TasksContainer.xcdatamodeld in Sources */ = {isa = PBXBuildFile; fileRef = 43EF40AE2CF749180032D13C /* TasksContainer.xcdatamodeld */; };
		43EF40B22CF74A290032D13C /* CoreDataVievModel.swift in Sources */ = {isa = PBXBuildFile; fileRef = 43EF40B12CF74A290032D13C /* CoreDataVievModel.swift */; };
/* End PBXBuildFile section */

/* Begin PBXFileReference section */
		430EA37F2CF9B92900A1673B /* ColorExtention.swift */ = {isa = PBXFileReference; lastKnownFileType = sourcecode.swift; path = ColorExtention.swift; sourceTree = "<group>"; };
		430EA3812CF9BDC500A1673B /* TaskView.swift */ = {isa = PBXFileReference; lastKnownFileType = sourcecode.swift; path = TaskView.swift; sourceTree = "<group>"; };
		4346FD842D0715C000D2CAAA /* ButtonForChangingColor.swift */ = {isa = PBXFileReference; lastKnownFileType = sourcecode.swift; path = ButtonForChangingColor.swift; sourceTree = "<group>"; };
		43B665632CE8A02F009AD3FF /* ToDoListCoreDataSwiftUI.app */ = {isa = PBXFileReference; explicitFileType = wrapper.application; includeInIndex = 0; path = ToDoListCoreDataSwiftUI.app; sourceTree = BUILT_PRODUCTS_DIR; };
		43B665662CE8A02F009AD3FF /* ToDoListCoreDataSwiftUIApp.swift */ = {isa = PBXFileReference; lastKnownFileType = sourcecode.swift; path = ToDoListCoreDataSwiftUIApp.swift; sourceTree = "<group>"; };
		43B665682CE8A02F009AD3FF /* ContentView.swift */ = {isa = PBXFileReference; lastKnownFileType = sourcecode.swift; path = ContentView.swift; sourceTree = "<group>"; };
		43B6656A2CE8A032009AD3FF /* Assets.xcassets */ = {isa = PBXFileReference; lastKnownFileType = folder.assetcatalog; path = Assets.xcassets; sourceTree = "<group>"; };
		43B6656D2CE8A032009AD3FF /* Preview Assets.xcassets */ = {isa = PBXFileReference; lastKnownFileType = folder.assetcatalog; path = "Preview Assets.xcassets"; sourceTree = "<group>"; };
		43EF40AF2CF749180032D13C /* TasksContainer.xcdatamodel */ = {isa = PBXFileReference; lastKnownFileType = wrapper.xcdatamodel; path = TasksContainer.xcdatamodel; sourceTree = "<group>"; };
		43EF40B12CF74A290032D13C /* CoreDataVievModel.swift */ = {isa = PBXFileReference; lastKnownFileType = sourcecode.swift; path = CoreDataVievModel.swift; sourceTree = "<group>"; };
/* End PBXFileReference section */

/* Begin PBXFrameworksBuildPhase section */
		43B665602CE8A02F009AD3FF /* Frameworks */ = {
			isa = PBXFrameworksBuildPhase;
			buildActionMask = 2147483647;
			files = (
			);
			runOnlyForDeploymentPostprocessing = 0;
		};
/* End PBXFrameworksBuildPhase section */

/* Begin PBXGroup section */
		43B6655A2CE8A02F009AD3FF = {
			isa = PBXGroup;
			children = (
				43B665652CE8A02F009AD3FF /* ToDoListCoreDataSwiftUI */,
				43B665642CE8A02F009AD3FF /* Products */,
			);
			sourceTree = "<group>";
		};
		43B665642CE8A02F009AD3FF /* Products */ = {
			isa = PBXGroup;
			children = (
				43B665632CE8A02F009AD3FF /* ToDoListCoreDataSwiftUI.app */,
			);
			name = Products;
			sourceTree = "<group>";
		};
		43B665652CE8A02F009AD3FF /* ToDoListCoreDataSwiftUI */ = {
			isa = PBXGroup;
			children = (
				43EF40AD2CF748000032D13C /* ViewModel */,
				43EF40AC2CF743350032D13C /* View */,
				43B665662CE8A02F009AD3FF /* ToDoListCoreDataSwiftUIApp.swift */,
				43B6656A2CE8A032009AD3FF /* Assets.xcassets */,
				43B6656C2CE8A032009AD3FF /* Preview Content */,
				43EF40AE2CF749180032D13C /* TasksContainer.xcdatamodeld */,
			);
			path = ToDoListCoreDataSwiftUI;
			sourceTree = "<group>";
		};
		43B6656C2CE8A032009AD3FF /* Preview Content */ = {
			isa = PBXGroup;
			children = (
				43B6656D2CE8A032009AD3FF /* Preview Assets.xcassets */,
			);
			path = "Preview Content";
			sourceTree = "<group>";
		};
		43EF40AC2CF743350032D13C /* View */ = {
			isa = PBXGroup;
			children = (
				43B665682CE8A02F009AD3FF /* ContentView.swift */,
				430EA37F2CF9B92900A1673B /* ColorExtention.swift */,
				430EA3812CF9BDC500A1673B /* TaskView.swift */,
				4346FD842D0715C000D2CAAA /* ButtonForChangingColor.swift */,
			);
			path = View;
			sourceTree = "<group>";
		};
		43EF40AD2CF748000032D13C /* ViewModel */ = {
			isa = PBXGroup;
			children = (
				43EF40B12CF74A290032D13C /* CoreDataVievModel.swift */,
			);
			path = ViewModel;
			sourceTree = "<group>";
		};
/* End PBXGroup section */

/* Begin PBXNativeTarget section */
		43B665622CE8A02F009AD3FF /* ToDoListCoreDataSwiftUI */ = {
			isa = PBXNativeTarget;
			buildConfigurationList = 43B665712CE8A032009AD3FF /* Build configuration list for PBXNativeTarget "ToDoListCoreDataSwiftUI" */;
			buildPhases = (
				43B6655F2CE8A02F009AD3FF /* Sources */,
				43B665602CE8A02F009AD3FF /* Frameworks */,
				43B665612CE8A02F009AD3FF /* Resources */,
			);
			buildRules = (
			);
			dependencies = (
			);
			name = ToDoListCoreDataSwiftUI;
			productName = ToDoListCoreDataSwiftUI;
			productReference = 43B665632CE8A02F009AD3FF /* ToDoListCoreDataSwiftUI.app */;
			productType = "com.apple.product-type.application";
		};
/* End PBXNativeTarget section */

/* Begin PBXProject section */
		43B6655B2CE8A02F009AD3FF /* Project object */ = {
			isa = PBXProject;
			attributes = {
				BuildIndependentTargetsInParallel = 1;
				LastSwiftUpdateCheck = 1430;
				LastUpgradeCheck = 1430;
				TargetAttributes = {
					43B665622CE8A02F009AD3FF = {
						CreatedOnToolsVersion = 14.3.1;
					};
				};
			};
			buildConfigurationList = 43B6655E2CE8A02F009AD3FF /* Build configuration list for PBXProject "ToDoListCoreDataSwiftUI" */;
			compatibilityVersion = "Xcode 14.0";
			developmentRegion = en;
			hasScannedForEncodings = 0;
			knownRegions = (
				en,
				Base,
			);
			mainGroup = 43B6655A2CE8A02F009AD3FF;
			productRefGroup = 43B665642CE8A02F009AD3FF /* Products */;
			projectDirPath = "";
			projectRoot = "";
			targets = (
				43B665622CE8A02F009AD3FF /* ToDoListCoreDataSwiftUI */,
			);
		};
/* End PBXProject section */

/* Begin PBXResourcesBuildPhase section */
		43B665612CE8A02F009AD3FF /* Resources */ = {
			isa = PBXResourcesBuildPhase;
			buildActionMask = 2147483647;
			files = (
				43B6656E2CE8A032009AD3FF /* Preview Assets.xcassets in Resources */,
				43B6656B2CE8A032009AD3FF /* Assets.xcassets in Resources */,
			);
			runOnlyForDeploymentPostprocessing = 0;
		};
/* End PBXResourcesBuildPhase section */

/* Begin PBXSourcesBuildPhase section */
		43B6655F2CE8A02F009AD3FF /* Sources */ = {
			isa = PBXSourcesBuildPhase;
			buildActionMask = 2147483647;
			files = (
				43EF40B22CF74A290032D13C /* CoreDataVievModel.swift in Sources */,
				4346FD852D0715C000D2CAAA /* ButtonForChangingColor.swift in Sources */,
				43EF40B02CF749180032D13C /* TasksContainer.xcdatamodeld in Sources */,
				430EA3802CF9B92900A1673B /* ColorExtention.swift in Sources */,
				430EA3822CF9BDC500A1673B /* TaskView.swift in Sources */,
				43B665692CE8A02F009AD3FF /* ContentView.swift in Sources */,
				43B665672CE8A02F009AD3FF /* ToDoListCoreDataSwiftUIApp.swift in Sources */,
			);
			runOnlyForDeploymentPostprocessing = 0;
		};
/* End PBXSourcesBuildPhase section */

/* Begin XCBuildConfiguration section */
		43B6656F2CE8A032009AD3FF /* Debug */ = {
			isa = XCBuildConfiguration;
			buildSettings = {
				ALWAYS_SEARCH_USER_PATHS = NO;
				CLANG_ANALYZER_NONNULL = YES;
				CLANG_ANALYZER_NUMBER_OBJECT_CONVERSION = YES_AGGRESSIVE;
				CLANG_CXX_LANGUAGE_STANDARD = "gnu++20";
				CLANG_ENABLE_MODULES = YES;
				CLANG_ENABLE_OBJC_ARC = YES;
				CLANG_ENABLE_OBJC_WEAK = YES;
				CLANG_WARN_BLOCK_CAPTURE_AUTORELEASING = YES;
				CLANG_WARN_BOOL_CONVERSION = YES;
				CLANG_WARN_COMMA = YES;
				CLANG_WARN_CONSTANT_CONVERSION = YES;
				CLANG_WARN_DEPRECATED_OBJC_IMPLEMENTATIONS = YES;
				CLANG_WARN_DIRECT_OBJC_ISA_USAGE = YES_ERROR;
				CLANG_WARN_DOCUMENTATION_COMMENTS = YES;
				CLANG_WARN_EMPTY_BODY = YES;
				CLANG_WARN_ENUM_CONVERSION = YES;
				CLANG_WARN_INFINITE_RECURSION = YES;
				CLANG_WARN_INT_CONVERSION = YES;
				CLANG_WARN_NON_LITERAL_NULL_CONVERSION = YES;
				CLANG_WARN_OBJC_IMPLICIT_RETAIN_SELF = YES;
				CLANG_WARN_OBJC_LITERAL_CONVERSION = YES;
				CLANG_WARN_OBJC_ROOT_CLASS = YES_ERROR;
				CLANG_WARN_QUOTED_INCLUDE_IN_FRAMEWORK_HEADER = YES;
				CLANG_WARN_RANGE_LOOP_ANALYSIS = YES;
				CLANG_WARN_STRICT_PROTOTYPES = YES;
				CLANG_WARN_SUSPICIOUS_MOVE = YES;
				CLANG_WARN_UNGUARDED_AVAILABILITY = YES_AGGRESSIVE;
				CLANG_WARN_UNREACHABLE_CODE = YES;
				CLANG_WARN__DUPLICATE_METHOD_MATCH = YES;
				COPY_PHASE_STRIP = NO;
				DEBUG_INFORMATION_FORMAT = dwarf;
				ENABLE_STRICT_OBJC_MSGSEND = YES;
				ENABLE_TESTABILITY = YES;
				GCC_C_LANGUAGE_STANDARD = gnu11;
				GCC_DYNAMIC_NO_PIC = NO;
				GCC_NO_COMMON_BLOCKS = YES;
				GCC_OPTIMIZATION_LEVEL = 0;
				GCC_PREPROCESSOR_DEFINITIONS = (
					"DEBUG=1",
					"$(inherited)",
				);
				GCC_WARN_64_TO_32_BIT_CONVERSION = YES;
				GCC_WARN_ABOUT_RETURN_TYPE = YES_ERROR;
				GCC_WARN_UNDECLARED_SELECTOR = YES;
				GCC_WARN_UNINITIALIZED_AUTOS = YES_AGGRESSIVE;
				GCC_WARN_UNUSED_FUNCTION = YES;
				GCC_WARN_UNUSED_VARIABLE = YES;
				IPHONEOS_DEPLOYMENT_TARGET = 16.4;
				MTL_ENABLE_DEBUG_INFO = INCLUDE_SOURCE;
				MTL_FAST_MATH = YES;
				ONLY_ACTIVE_ARCH = YES;
				SDKROOT = iphoneos;
				SWIFT_ACTIVE_COMPILATION_CONDITIONS = DEBUG;
				SWIFT_OPTIMIZATION_LEVEL = "-Onone";
			};
			name = Debug;
		};
		43B665702CE8A032009AD3FF /* Release */ = {
			isa = XCBuildConfiguration;
			buildSettings = {
				ALWAYS_SEARCH_USER_PATHS = NO;
				CLANG_ANALYZER_NONNULL = YES;
				CLANG_ANALYZER_NUMBER_OBJECT_CONVERSION = YES_AGGRESSIVE;
				CLANG_CXX_LANGUAGE_STANDARD = "gnu++20";
				CLANG_ENABLE_MODULES = YES;
				CLANG_ENABLE_OBJC_ARC = YES;
				CLANG_ENABLE_OBJC_WEAK = YES;
				CLANG_WARN_BLOCK_CAPTURE_AUTORELEASING = YES;
				CLANG_WARN_BOOL_CONVERSION = YES;
				CLANG_WARN_COMMA = YES;
				CLANG_WARN_CONSTANT_CONVERSION = YES;
				CLANG_WARN_DEPRECATED_OBJC_IMPLEMENTATIONS = YES;
				CLANG_WARN_DIRECT_OBJC_ISA_USAGE = YES_ERROR;
				CLANG_WARN_DOCUMENTATION_COMMENTS = YES;
				CLANG_WARN_EMPTY_BODY = YES;
				CLANG_WARN_ENUM_CONVERSION = YES;
				CLANG_WARN_INFINITE_RECURSION = YES;
				CLANG_WARN_INT_CONVERSION = YES;
				CLANG_WARN_NON_LITERAL_NULL_CONVERSION = YES;
				CLANG_WARN_OBJC_IMPLICIT_RETAIN_SELF = YES;
				CLANG_WARN_OBJC_LITERAL_CONVERSION = YES;
				CLANG_WARN_OBJC_ROOT_CLASS = YES_ERROR;
				CLANG_WARN_QUOTED_INCLUDE_IN_FRAMEWORK_HEADER = YES;
				CLANG_WARN_RANGE_LOOP_ANALYSIS = YES;
				CLANG_WARN_STRICT_PROTOTYPES = YES;
				CLANG_WARN_SUSPICIOUS_MOVE = YES;
				CLANG_WARN_UNGUARDED_AVAILABILITY = YES_AGGRESSIVE;
				CLANG_WARN_UNREACHABLE_CODE = YES;
				CLANG_WARN__DUPLICATE_METHOD_MATCH = YES;
				COPY_PHASE_STRIP = NO;
				DEBUG_INFORMATION_FORMAT = "dwarf-with-dsym";
				ENABLE_NS_ASSERTIONS = NO;
				ENABLE_STRICT_OBJC_MSGSEND = YES;
				GCC_C_LANGUAGE_STANDARD = gnu11;
				GCC_NO_COMMON_BLOCKS = YES;
				GCC_WARN_64_TO_32_BIT_CONVERSION = YES;
				GCC_WARN_ABOUT_RETURN_TYPE = YES_ERROR;
				GCC_WARN_UNDECLARED_SELECTOR = YES;
				GCC_WARN_UNINITIALIZED_AUTOS = YES_AGGRESSIVE;
				GCC_WARN_UNUSED_FUNCTION = YES;
				GCC_WARN_UNUSED_VARIABLE = YES;
				IPHONEOS_DEPLOYMENT_TARGET = 16.4;
				MTL_ENABLE_DEBUG_INFO = NO;
				MTL_FAST_MATH = YES;
				SDKROOT = iphoneos;
				SWIFT_COMPILATION_MODE = wholemodule;
				SWIFT_OPTIMIZATION_LEVEL = "-O";
				VALIDATE_PRODUCT = YES;
			};
			name = Release;
		};
		43B665722CE8A032009AD3FF /* Debug */ = {
			isa = XCBuildConfiguration;
			buildSettings = {
				ASSETCATALOG_COMPILER_APPICON_NAME = AppIcon;
				ASSETCATALOG_COMPILER_GLOBAL_ACCENT_COLOR_NAME = AccentColor;
				CODE_SIGN_STYLE = Automatic;
				CURRENT_PROJECT_VERSION = 1;
				DEVELOPMENT_ASSET_PATHS = "\"ToDoListCoreDataSwiftUI/Preview Content\"";
				ENABLE_PREVIEWS = YES;
				GENERATE_INFOPLIST_FILE = YES;
				INFOPLIST_KEY_UIApplicationSceneManifest_Generation = YES;
				INFOPLIST_KEY_UIApplicationSupportsIndirectInputEvents = YES;
				INFOPLIST_KEY_UILaunchScreen_Generation = YES;
				INFOPLIST_KEY_UISupportedInterfaceOrientations_iPad = "UIInterfaceOrientationPortrait UIInterfaceOrientationPortraitUpsideDown UIInterfaceOrientationLandscapeLeft UIInterfaceOrientationLandscapeRight";
				INFOPLIST_KEY_UISupportedInterfaceOrientations_iPhone = "UIInterfaceOrientationPortrait UIInterfaceOrientationLandscapeLeft UIInterfaceOrientationLandscapeRight";
				LD_RUNPATH_SEARCH_PATHS = (
					"$(inherited)",
					"@executable_path/Frameworks",
				);
				MARKETING_VERSION = 1.0;
				PRODUCT_BUNDLE_IDENTIFIER = com.panova.ToDoListCoreDataSwiftUI;
				PRODUCT_NAME = "$(TARGET_NAME)";
				SWIFT_EMIT_LOC_STRINGS = YES;
				SWIFT_VERSION = 5.0;
				TARGETED_DEVICE_FAMILY = "1,2";
			};
			name = Debug;
		};
		43B665732CE8A032009AD3FF /* Release */ = {
			isa = XCBuildConfiguration;
			buildSettings = {
				ASSETCATALOG_COMPILER_APPICON_NAME = AppIcon;
				ASSETCATALOG_COMPILER_GLOBAL_ACCENT_COLOR_NAME = AccentColor;
				CODE_SIGN_STYLE = Automatic;
				CURRENT_PROJECT_VERSION = 1;
				DEVELOPMENT_ASSET_PATHS = "\"ToDoListCoreDataSwiftUI/Preview Content\"";
				ENABLE_PREVIEWS = YES;
				GENERATE_INFOPLIST_FILE = YES;
				INFOPLIST_KEY_UIApplicationSceneManifest_Generation = YES;
				INFOPLIST_KEY_UIApplicationSupportsIndirectInputEvents = YES;
				INFOPLIST_KEY_UILaunchScreen_Generation = YES;
				INFOPLIST_KEY_UISupportedInterfaceOrientations_iPad = "UIInterfaceOrientationPortrait UIInterfaceOrientationPortraitUpsideDown UIInterfaceOrientationLandscapeLeft UIInterfaceOrientationLandscapeRight";
				INFOPLIST_KEY_UISupportedInterfaceOrientations_iPhone = "UIInterfaceOrientationPortrait UIInterfaceOrientationLandscapeLeft UIInterfaceOrientationLandscapeRight";
				LD_RUNPATH_SEARCH_PATHS = (
					"$(inherited)",
					"@executable_path/Frameworks",
				);
				MARKETING_VERSION = 1.0;
				PRODUCT_BUNDLE_IDENTIFIER = com.panova.ToDoListCoreDataSwiftUI;
				PRODUCT_NAME = "$(TARGET_NAME)";
				SWIFT_EMIT_LOC_STRINGS = YES;
				SWIFT_VERSION = 5.0;
				TARGETED_DEVICE_FAMILY = "1,2";
			};
			name = Release;
		};
/* End XCBuildConfiguration section */

/* Begin XCConfigurationList section */
		43B6655E2CE8A02F009AD3FF /* Build configuration list for PBXProject "ToDoListCoreDataSwiftUI" */ = {
			isa = XCConfigurationList;
			buildConfigurations = (
				43B6656F2CE8A032009AD3FF /* Debug */,
				43B665702CE8A032009AD3FF /* Release */,
			);
			defaultConfigurationIsVisible = 0;
			defaultConfigurationName = Release;
		};
		43B665712CE8A032009AD3FF /* Build configuration list for PBXNativeTarget "ToDoListCoreDataSwiftUI" */ = {
			isa = XCConfigurationList;
			buildConfigurations = (
				43B665722CE8A032009AD3FF /* Debug */,
				43B665732CE8A032009AD3FF /* Release */,
			);
			defaultConfigurationIsVisible = 0;
			defaultConfigurationName = Release;
		};
/* End XCConfigurationList section */

/* Begin XCVersionGroup section */
		43EF40AE2CF749180032D13C /* TasksContainer.xcdatamodeld */ = {
			isa = XCVersionGroup;
			children = (
				43EF40AF2CF749180032D13C /* TasksContainer.xcdatamodel */,
			);
			currentVersion = 43EF40AF2CF749180032D13C /* TasksContainer.xcdatamodel */;
			path = TasksContainer.xcdatamodeld;
			sourceTree = "<group>";
			versionGroupType = wrapper.xcdatamodel;
		};
/* End XCVersionGroup section */
	};
	rootObject = 43B6655B2CE8A02F009AD3FF /* Project object */;
}
